// !$*UTF8*$!
{
	archiveVersion = 1;
	classes = {
	};
	objectVersion = 48;
	objects = {

/* Begin PBXBuildFile section */
		291DF21F1F294B28003A9BC4 /* AudioEngine.swift in Sources */ = {isa = PBXBuildFile; fileRef = 291DF21E1F294B28003A9BC4 /* AudioEngine.swift */; };
		291DF2211F294D08003A9BC4 /* StageViewController.swift in Sources */ = {isa = PBXBuildFile; fileRef = 291DF2201F294D08003A9BC4 /* StageViewController.swift */; };
		291DF2411F294D9D003A9BC4 /* AppDelegate.swift in Sources */ = {isa = PBXBuildFile; fileRef = 291DF2401F294D9D003A9BC4 /* AppDelegate.swift */; };
		29305C351F2C17E100F7EE2D /* OrbsTests.swift in Sources */ = {isa = PBXBuildFile; fileRef = 29305C341F2C17E100F7EE2D /* OrbsTests.swift */; };
		293323DA1F2A9D7B00EBE219 /* Orb.swift in Sources */ = {isa = PBXBuildFile; fileRef = 293323D91F2A9D7B00EBE219 /* Orb.swift */; };
		293323DC1F2A9D9000EBE219 /* OrbView.swift in Sources */ = {isa = PBXBuildFile; fileRef = 293323DB1F2A9D9000EBE219 /* OrbView.swift */; };
		293323E11F2A9DF000EBE219 /* OrbManager.swift in Sources */ = {isa = PBXBuildFile; fileRef = 293323E01F2A9DF000EBE219 /* OrbManager.swift */; };
		29B1C6301F2463DF00A3C514 /* Main.storyboard in Resources */ = {isa = PBXBuildFile; fileRef = 29B1C62E1F2463DF00A3C514 /* Main.storyboard */; };
		29B1C6461F24640200A3C514 /* MyAudioUnit3.m in Sources */ = {isa = PBXBuildFile; fileRef = 29B1C6451F24640200A3C514 /* MyAudioUnit3.m */; };
		29B1C6491F24640200A3C514 /* AudioUnitViewController.m in Sources */ = {isa = PBXBuildFile; fileRef = 29B1C6481F24640200A3C514 /* AudioUnitViewController.m */; };
		29B1C64C1F24640200A3C514 /* MainInterface.storyboard in Resources */ = {isa = PBXBuildFile; fileRef = 29B1C64A1F24640200A3C514 /* MainInterface.storyboard */; };
		29B1C6501F24640200A3C514 /* MyAudioUnit3.appex in Embed App Extensions */ = {isa = PBXBuildFile; fileRef = 29B1C6421F24640200A3C514 /* MyAudioUnit3.appex */; settings = {ATTRIBUTES = (RemoveHeadersOnCopy, ); }; };
		29B1C6581F24699300A3C514 /* MyAudioUnit3.m in Sources */ = {isa = PBXBuildFile; fileRef = 29B1C6451F24640200A3C514 /* MyAudioUnit3.m */; };
		29B2A24D1F2AA03800DC30EE /* Stage.swift in Sources */ = {isa = PBXBuildFile; fileRef = 29B2A24C1F2AA03800DC30EE /* Stage.swift */; };
		29B2A24F1F2AA07700DC30EE /* StageView.swift in Sources */ = {isa = PBXBuildFile; fileRef = 29B2A24E1F2AA07700DC30EE /* StageView.swift */; };
/* End PBXBuildFile section */

/* Begin PBXContainerItemProxy section */
		29305C371F2C17E100F7EE2D /* PBXContainerItemProxy */ = {
			isa = PBXContainerItemProxy;
			containerPortal = 29B1C61D1F2463DF00A3C514 /* Project object */;
			proxyType = 1;
			remoteGlobalIDString = 29B1C6241F2463DF00A3C514;
			remoteInfo = Orbs;
		};
		29B1C64E1F24640200A3C514 /* PBXContainerItemProxy */ = {
			isa = PBXContainerItemProxy;
			containerPortal = 29B1C61D1F2463DF00A3C514 /* Project object */;
			proxyType = 1;
			remoteGlobalIDString = 29B1C6411F24640200A3C514;
			remoteInfo = MyAudioUnit3;
		};
/* End PBXContainerItemProxy section */

/* Begin PBXCopyFilesBuildPhase section */
		29B1C6541F24640200A3C514 /* Embed App Extensions */ = {
			isa = PBXCopyFilesBuildPhase;
			buildActionMask = 2147483647;
			dstPath = "";
			dstSubfolderSpec = 13;
			files = (
				29B1C6501F24640200A3C514 /* MyAudioUnit3.appex in Embed App Extensions */,
			);
			name = "Embed App Extensions";
			runOnlyForDeploymentPostprocessing = 0;
		};
/* End PBXCopyFilesBuildPhase section */

/* Begin PBXFileReference section */
		291DF21D1F294B28003A9BC4 /* AUTest3-Bridging-Header.h */ = {isa = PBXFileReference; lastKnownFileType = sourcecode.c.h; path = "AUTest3-Bridging-Header.h"; sourceTree = "<group>"; };
		291DF21E1F294B28003A9BC4 /* AudioEngine.swift */ = {isa = PBXFileReference; lastKnownFileType = sourcecode.swift; path = AudioEngine.swift; sourceTree = "<group>"; };
		291DF2201F294D08003A9BC4 /* StageViewController.swift */ = {isa = PBXFileReference; lastKnownFileType = sourcecode.swift; path = StageViewController.swift; sourceTree = "<group>"; };
		291DF2401F294D9D003A9BC4 /* AppDelegate.swift */ = {isa = PBXFileReference; lastKnownFileType = sourcecode.swift; path = AppDelegate.swift; sourceTree = "<group>"; };
		29305C321F2C17E100F7EE2D /* OrbsTests.xctest */ = {isa = PBXFileReference; explicitFileType = wrapper.cfbundle; includeInIndex = 0; path = OrbsTests.xctest; sourceTree = BUILT_PRODUCTS_DIR; };
		29305C341F2C17E100F7EE2D /* OrbsTests.swift */ = {isa = PBXFileReference; lastKnownFileType = sourcecode.swift; path = OrbsTests.swift; sourceTree = "<group>"; };
		29305C361F2C17E100F7EE2D /* Info.plist */ = {isa = PBXFileReference; lastKnownFileType = text.plist.xml; path = Info.plist; sourceTree = "<group>"; };
		293323D91F2A9D7B00EBE219 /* Orb.swift */ = {isa = PBXFileReference; lastKnownFileType = sourcecode.swift; path = Orb.swift; sourceTree = "<group>"; };
		293323DB1F2A9D9000EBE219 /* OrbView.swift */ = {isa = PBXFileReference; lastKnownFileType = sourcecode.swift; path = OrbView.swift; sourceTree = "<group>"; };
		293323E01F2A9DF000EBE219 /* OrbManager.swift */ = {isa = PBXFileReference; lastKnownFileType = sourcecode.swift; path = OrbManager.swift; sourceTree = "<group>"; };
		29B1C6251F2463DF00A3C514 /* Orbs.app */ = {isa = PBXFileReference; explicitFileType = wrapper.application; includeInIndex = 0; path = Orbs.app; sourceTree = BUILT_PRODUCTS_DIR; };
		29B1C62F1F2463DF00A3C514 /* Base */ = {isa = PBXFileReference; lastKnownFileType = file.storyboard; name = Base; path = Base.lproj/Main.storyboard; sourceTree = "<group>"; };
		29B1C6361F2463DF00A3C514 /* Info.plist */ = {isa = PBXFileReference; lastKnownFileType = text.plist.xml; path = Info.plist; sourceTree = "<group>"; };
		29B1C6421F24640200A3C514 /* MyAudioUnit3.appex */ = {isa = PBXFileReference; explicitFileType = "wrapper.app-extension"; includeInIndex = 0; path = MyAudioUnit3.appex; sourceTree = BUILT_PRODUCTS_DIR; };
		29B1C6441F24640200A3C514 /* MyAudioUnit3.h */ = {isa = PBXFileReference; lastKnownFileType = sourcecode.c.h; path = MyAudioUnit3.h; sourceTree = "<group>"; };
		29B1C6451F24640200A3C514 /* MyAudioUnit3.m */ = {isa = PBXFileReference; lastKnownFileType = sourcecode.c.objc; path = MyAudioUnit3.m; sourceTree = "<group>"; };
		29B1C6471F24640200A3C514 /* AudioUnitViewController.h */ = {isa = PBXFileReference; lastKnownFileType = sourcecode.c.h; path = AudioUnitViewController.h; sourceTree = "<group>"; };
		29B1C6481F24640200A3C514 /* AudioUnitViewController.m */ = {isa = PBXFileReference; lastKnownFileType = sourcecode.c.objc; path = AudioUnitViewController.m; sourceTree = "<group>"; };
		29B1C64B1F24640200A3C514 /* Base */ = {isa = PBXFileReference; lastKnownFileType = file.storyboard; name = Base; path = Base.lproj/MainInterface.storyboard; sourceTree = "<group>"; };
		29B1C64D1F24640200A3C514 /* Info.plist */ = {isa = PBXFileReference; lastKnownFileType = text.plist.xml; path = Info.plist; sourceTree = "<group>"; };
		29B2A24C1F2AA03800DC30EE /* Stage.swift */ = {isa = PBXFileReference; lastKnownFileType = sourcecode.swift; path = Stage.swift; sourceTree = "<group>"; };
		29B2A24E1F2AA07700DC30EE /* StageView.swift */ = {isa = PBXFileReference; lastKnownFileType = sourcecode.swift; path = StageView.swift; sourceTree = "<group>"; };
/* End PBXFileReference section */

/* Begin PBXFrameworksBuildPhase section */
		29305C2F1F2C17E100F7EE2D /* Frameworks */ = {
			isa = PBXFrameworksBuildPhase;
			buildActionMask = 2147483647;
			files = (
			);
			runOnlyForDeploymentPostprocessing = 0;
		};
		29B1C6221F2463DF00A3C514 /* Frameworks */ = {
			isa = PBXFrameworksBuildPhase;
			buildActionMask = 2147483647;
			files = (
			);
			runOnlyForDeploymentPostprocessing = 0;
		};
		29B1C63F1F24640200A3C514 /* Frameworks */ = {
			isa = PBXFrameworksBuildPhase;
			buildActionMask = 2147483647;
			files = (
			);
			runOnlyForDeploymentPostprocessing = 0;
		};
/* End PBXFrameworksBuildPhase section */

/* Begin PBXGroup section */
		291DF2421F294E24003A9BC4 /* Misc */ = {
			isa = PBXGroup;
			children = (
				291DF2401F294D9D003A9BC4 /* AppDelegate.swift */,
				29B1C62E1F2463DF00A3C514 /* Main.storyboard */,
				291DF21D1F294B28003A9BC4 /* AUTest3-Bridging-Header.h */,
				29B1C6361F2463DF00A3C514 /* Info.plist */,
			);
			path = Misc;
			sourceTree = "<group>";
		};
		29305C331F2C17E100F7EE2D /* OrbsTests */ = {
			isa = PBXGroup;
			children = (
				29305C341F2C17E100F7EE2D /* OrbsTests.swift */,
				29305C361F2C17E100F7EE2D /* Info.plist */,
			);
			path = OrbsTests;
			sourceTree = "<group>";
		};
		293323DD1F2A9DA900EBE219 /* View */ = {
			isa = PBXGroup;
			children = (
				291DF2201F294D08003A9BC4 /* StageViewController.swift */,
			);
			path = View;
			sourceTree = "<group>";
		};
		293323DE1F2A9DC500EBE219 /* Orbs */ = {
			isa = PBXGroup;
			children = (
				293323E01F2A9DF000EBE219 /* OrbManager.swift */,
				293323D91F2A9D7B00EBE219 /* Orb.swift */,
				293323DB1F2A9D9000EBE219 /* OrbView.swift */,
			);
			path = Orbs;
			sourceTree = "<group>";
		};
		293323DF1F2A9DCF00EBE219 /* AudioEngine */ = {
			isa = PBXGroup;
			children = (
				291DF21E1F294B28003A9BC4 /* AudioEngine.swift */,
			);
			path = AudioEngine;
			sourceTree = "<group>";
		};
		29B1C61C1F2463DF00A3C514 = {
			isa = PBXGroup;
			children = (
				29B1C6271F2463DF00A3C514 /* Source */,
				29B1C6431F24640200A3C514 /* MyAudioUnit3 */,
				29305C331F2C17E100F7EE2D /* OrbsTests */,
				29B1C6261F2463DF00A3C514 /* Products */,
			);
			sourceTree = "<group>";
		};
		29B1C6261F2463DF00A3C514 /* Products */ = {
			isa = PBXGroup;
			children = (
				29B1C6251F2463DF00A3C514 /* Orbs.app */,
				29B1C6421F24640200A3C514 /* MyAudioUnit3.appex */,
				29305C321F2C17E100F7EE2D /* OrbsTests.xctest */,
			);
			name = Products;
			sourceTree = "<group>";
		};
		29B1C6271F2463DF00A3C514 /* Source */ = {
			isa = PBXGroup;
			children = (
				29B2A24B1F2AA03100DC30EE /* Stage */,
				293323DF1F2A9DCF00EBE219 /* AudioEngine */,
				293323DE1F2A9DC500EBE219 /* Orbs */,
				293323DD1F2A9DA900EBE219 /* View */,
				291DF2421F294E24003A9BC4 /* Misc */,
			);
			path = Source;
			sourceTree = "<group>";
		};
		29B1C6431F24640200A3C514 /* MyAudioUnit3 */ = {
			isa = PBXGroup;
			children = (
				29B1C6441F24640200A3C514 /* MyAudioUnit3.h */,
				29B1C6451F24640200A3C514 /* MyAudioUnit3.m */,
				29B1C6471F24640200A3C514 /* AudioUnitViewController.h */,
				29B1C6481F24640200A3C514 /* AudioUnitViewController.m */,
				29B1C64A1F24640200A3C514 /* MainInterface.storyboard */,
				29B1C64D1F24640200A3C514 /* Info.plist */,
			);
			path = MyAudioUnit3;
			sourceTree = "<group>";
		};
		29B2A24B1F2AA03100DC30EE /* Stage */ = {
			isa = PBXGroup;
			children = (
				29B2A24C1F2AA03800DC30EE /* Stage.swift */,
				29B2A24E1F2AA07700DC30EE /* StageView.swift */,
			);
			path = Stage;
			sourceTree = "<group>";
		};
/* End PBXGroup section */

/* Begin PBXNativeTarget section */
		29305C311F2C17E100F7EE2D /* OrbsTests */ = {
			isa = PBXNativeTarget;
			buildConfigurationList = 29305C3B1F2C17E100F7EE2D /* Build configuration list for PBXNativeTarget "OrbsTests" */;
			buildPhases = (
				29305C2E1F2C17E100F7EE2D /* Sources */,
				29305C2F1F2C17E100F7EE2D /* Frameworks */,
				29305C301F2C17E100F7EE2D /* Resources */,
			);
			buildRules = (
			);
			dependencies = (
				29305C381F2C17E100F7EE2D /* PBXTargetDependency */,
			);
			name = OrbsTests;
			productName = OrbsTests;
			productReference = 29305C321F2C17E100F7EE2D /* OrbsTests.xctest */;
			productType = "com.apple.product-type.bundle.unit-test";
		};
		29B1C6241F2463DF00A3C514 /* Orbs */ = {
			isa = PBXNativeTarget;
			buildConfigurationList = 29B1C63B1F2463DF00A3C514 /* Build configuration list for PBXNativeTarget "Orbs" */;
			buildPhases = (
				29B1C6211F2463DF00A3C514 /* Sources */,
				29B1C6221F2463DF00A3C514 /* Frameworks */,
				29B1C6231F2463DF00A3C514 /* Resources */,
				29B1C6541F24640200A3C514 /* Embed App Extensions */,
			);
			buildRules = (
			);
			dependencies = (
				29B1C64F1F24640200A3C514 /* PBXTargetDependency */,
			);
			name = Orbs;
			productName = AUTest3;
			productReference = 29B1C6251F2463DF00A3C514 /* Orbs.app */;
			productType = "com.apple.product-type.application";
		};
		29B1C6411F24640200A3C514 /* MyAudioUnit3 */ = {
			isa = PBXNativeTarget;
			buildConfigurationList = 29B1C6511F24640200A3C514 /* Build configuration list for PBXNativeTarget "MyAudioUnit3" */;
			buildPhases = (
				29B1C63E1F24640200A3C514 /* Sources */,
				29B1C63F1F24640200A3C514 /* Frameworks */,
				29B1C6401F24640200A3C514 /* Resources */,
			);
			buildRules = (
			);
			dependencies = (
			);
			name = MyAudioUnit3;
			productName = MyAudioUnit3;
			productReference = 29B1C6421F24640200A3C514 /* MyAudioUnit3.appex */;
			productType = "com.apple.product-type.app-extension";
		};
/* End PBXNativeTarget section */

/* Begin PBXProject section */
		29B1C61D1F2463DF00A3C514 /* Project object */ = {
			isa = PBXProject;
			attributes = {
				LastSwiftUpdateCheck = 0900;
				LastUpgradeCheck = 0900;
				ORGANIZATIONNAME = "Alexander Bollbach";
				TargetAttributes = {
					29305C311F2C17E100F7EE2D = {
						CreatedOnToolsVersion = 9.0;
						TestTargetID = 29B1C6241F2463DF00A3C514;
					};
					29B1C6241F2463DF00A3C514 = {
						CreatedOnToolsVersion = 9.0;
						LastSwiftMigration = 0900;
					};
					29B1C6411F24640200A3C514 = {
						CreatedOnToolsVersion = 9.0;
					};
				};
			};
			buildConfigurationList = 29B1C6201F2463DF00A3C514 /* Build configuration list for PBXProject "Orbs" */;
			compatibilityVersion = "Xcode 8.0";
			developmentRegion = en;
			hasScannedForEncodings = 0;
			knownRegions = (
				en,
				Base,
			);
			mainGroup = 29B1C61C1F2463DF00A3C514;
			productRefGroup = 29B1C6261F2463DF00A3C514 /* Products */;
			projectDirPath = "";
			projectRoot = "";
			targets = (
				29B1C6241F2463DF00A3C514 /* Orbs */,
				29B1C6411F24640200A3C514 /* MyAudioUnit3 */,
				29305C311F2C17E100F7EE2D /* OrbsTests */,
			);
		};
/* End PBXProject section */

/* Begin PBXResourcesBuildPhase section */
		29305C301F2C17E100F7EE2D /* Resources */ = {
			isa = PBXResourcesBuildPhase;
			buildActionMask = 2147483647;
			files = (
			);
			runOnlyForDeploymentPostprocessing = 0;
		};
		29B1C6231F2463DF00A3C514 /* Resources */ = {
			isa = PBXResourcesBuildPhase;
			buildActionMask = 2147483647;
			files = (
				29B1C6301F2463DF00A3C514 /* Main.storyboard in Resources */,
			);
			runOnlyForDeploymentPostprocessing = 0;
		};
		29B1C6401F24640200A3C514 /* Resources */ = {
			isa = PBXResourcesBuildPhase;
			buildActionMask = 2147483647;
			files = (
				29B1C64C1F24640200A3C514 /* MainInterface.storyboard in Resources */,
			);
			runOnlyForDeploymentPostprocessing = 0;
		};
/* End PBXResourcesBuildPhase section */

/* Begin PBXSourcesBuildPhase section */
		29305C2E1F2C17E100F7EE2D /* Sources */ = {
			isa = PBXSourcesBuildPhase;
			buildActionMask = 2147483647;
			files = (
				29305C351F2C17E100F7EE2D /* OrbsTests.swift in Sources */,
			);
			runOnlyForDeploymentPostprocessing = 0;
		};
		29B1C6211F2463DF00A3C514 /* Sources */ = {
			isa = PBXSourcesBuildPhase;
			buildActionMask = 2147483647;
			files = (
				291DF2411F294D9D003A9BC4 /* AppDelegate.swift in Sources */,
				293323E11F2A9DF000EBE219 /* OrbManager.swift in Sources */,
				29B1C6581F24699300A3C514 /* MyAudioUnit3.m in Sources */,
				29B2A24D1F2AA03800DC30EE /* Stage.swift in Sources */,
				291DF2211F294D08003A9BC4 /* StageViewController.swift in Sources */,
				29B2A24F1F2AA07700DC30EE /* StageView.swift in Sources */,
				291DF21F1F294B28003A9BC4 /* AudioEngine.swift in Sources */,
				293323DC1F2A9D9000EBE219 /* OrbView.swift in Sources */,
				293323DA1F2A9D7B00EBE219 /* Orb.swift in Sources */,
			);
			runOnlyForDeploymentPostprocessing = 0;
		};
		29B1C63E1F24640200A3C514 /* Sources */ = {
			isa = PBXSourcesBuildPhase;
			buildActionMask = 2147483647;
			files = (
				29B1C6461F24640200A3C514 /* MyAudioUnit3.m in Sources */,
				29B1C6491F24640200A3C514 /* AudioUnitViewController.m in Sources */,
			);
			runOnlyForDeploymentPostprocessing = 0;
		};
/* End PBXSourcesBuildPhase section */

/* Begin PBXTargetDependency section */
		29305C381F2C17E100F7EE2D /* PBXTargetDependency */ = {
			isa = PBXTargetDependency;
			target = 29B1C6241F2463DF00A3C514 /* Orbs */;
			targetProxy = 29305C371F2C17E100F7EE2D /* PBXContainerItemProxy */;
		};
		29B1C64F1F24640200A3C514 /* PBXTargetDependency */ = {
			isa = PBXTargetDependency;
			target = 29B1C6411F24640200A3C514 /* MyAudioUnit3 */;
			targetProxy = 29B1C64E1F24640200A3C514 /* PBXContainerItemProxy */;
		};
/* End PBXTargetDependency section */

/* Begin PBXVariantGroup section */
		29B1C62E1F2463DF00A3C514 /* Main.storyboard */ = {
			isa = PBXVariantGroup;
			children = (
				29B1C62F1F2463DF00A3C514 /* Base */,
			);
			name = Main.storyboard;
			sourceTree = "<group>";
		};
		29B1C64A1F24640200A3C514 /* MainInterface.storyboard */ = {
			isa = PBXVariantGroup;
			children = (
				29B1C64B1F24640200A3C514 /* Base */,
			);
			name = MainInterface.storyboard;
			sourceTree = "<group>";
		};
/* End PBXVariantGroup section */

/* Begin XCBuildConfiguration section */
		29305C391F2C17E100F7EE2D /* Debug */ = {
			isa = XCBuildConfiguration;
			buildSettings = {
				BUNDLE_LOADER = "$(TEST_HOST)";
				DEVELOPMENT_TEAM = 5UR7SPRNP3;
				INFOPLIST_FILE = OrbsTests/Info.plist;
				LD_RUNPATH_SEARCH_PATHS = "$(inherited) @executable_path/Frameworks @loader_path/Frameworks";
				PRODUCT_BUNDLE_IDENTIFIER = com.org.me.OrbsTests;
				PRODUCT_NAME = "$(TARGET_NAME)";
				SWIFT_ACTIVE_COMPILATION_CONDITIONS = DEBUG;
				SWIFT_OPTIMIZATION_LEVEL = "-Onone";
				SWIFT_VERSION = 4.0;
				TARGETED_DEVICE_FAMILY = "1,2";
				TEST_HOST = "$(BUILT_PRODUCTS_DIR)/Orbs.app/Orbs";
			};
			name = Debug;
		};
		29305C3A1F2C17E100F7EE2D /* Release */ = {
			isa = XCBuildConfiguration;
			buildSettings = {
				BUNDLE_LOADER = "$(TEST_HOST)";
				DEVELOPMENT_TEAM = 5UR7SPRNP3;
				INFOPLIST_FILE = OrbsTests/Info.plist;
				LD_RUNPATH_SEARCH_PATHS = "$(inherited) @executable_path/Frameworks @loader_path/Frameworks";
				PRODUCT_BUNDLE_IDENTIFIER = com.org.me.OrbsTests;
				PRODUCT_NAME = "$(TARGET_NAME)";
				SWIFT_OPTIMIZATION_LEVEL = "-Owholemodule";
				SWIFT_VERSION = 4.0;
				TARGETED_DEVICE_FAMILY = "1,2";
				TEST_HOST = "$(BUILT_PRODUCTS_DIR)/Orbs.app/Orbs";
			};
			name = Release;
		};
		29B1C6391F2463DF00A3C514 /* Debug */ = {
			isa = XCBuildConfiguration;
			buildSettings = {
				ALWAYS_SEARCH_USER_PATHS = NO;
				CLANG_ANALYZER_NONNULL = YES;
				CLANG_ANALYZER_NUMBER_OBJECT_CONVERSION = YES_AGGRESSIVE;
				CLANG_CXX_LANGUAGE_STANDARD = "gnu++14";
				CLANG_CXX_LIBRARY = "libc++";
				CLANG_ENABLE_MODULES = YES;
				CLANG_ENABLE_OBJC_ARC = YES;
				CLANG_WARN_BLOCK_CAPTURE_AUTORELEASING = YES;
				CLANG_WARN_BOOL_CONVERSION = YES;
				CLANG_WARN_COMMA = YES;
				CLANG_WARN_CONSTANT_CONVERSION = YES;
				CLANG_WARN_DIRECT_OBJC_ISA_USAGE = YES_ERROR;
				CLANG_WARN_DOCUMENTATION_COMMENTS = YES;
				CLANG_WARN_EMPTY_BODY = YES;
				CLANG_WARN_ENUM_CONVERSION = YES;
				CLANG_WARN_INFINITE_RECURSION = YES;
				CLANG_WARN_INT_CONVERSION = YES;
				CLANG_WARN_NON_LITERAL_NULL_CONVERSION = YES;
				CLANG_WARN_OBJC_LITERAL_CONVERSION = YES;
				CLANG_WARN_OBJC_ROOT_CLASS = YES_ERROR;
				CLANG_WARN_RANGE_LOOP_ANALYSIS = YES;
				CLANG_WARN_STRICT_PROTOTYPES = YES;
				CLANG_WARN_SUSPICIOUS_MOVE = YES;
				CLANG_WARN_UNGUARDED_AVAILABILITY = YES_AGGRESSIVE;
				CLANG_WARN_UNREACHABLE_CODE = YES;
				CLANG_WARN__DUPLICATE_METHOD_MATCH = YES;
				CODE_SIGN_IDENTITY = "iPhone Developer";
				COPY_PHASE_STRIP = NO;
				DEBUG_INFORMATION_FORMAT = dwarf;
				ENABLE_STRICT_OBJC_MSGSEND = YES;
				ENABLE_TESTABILITY = YES;
				GCC_C_LANGUAGE_STANDARD = gnu11;
				GCC_DYNAMIC_NO_PIC = NO;
				GCC_NO_COMMON_BLOCKS = YES;
				GCC_OPTIMIZATION_LEVEL = 0;
				GCC_PREPROCESSOR_DEFINITIONS = (
					"DEBUG=1",
					"$(inherited)",
				);
				GCC_WARN_64_TO_32_BIT_CONVERSION = YES;
				GCC_WARN_ABOUT_RETURN_TYPE = YES_ERROR;
				GCC_WARN_UNDECLARED_SELECTOR = YES;
				GCC_WARN_UNINITIALIZED_AUTOS = YES_AGGRESSIVE;
				GCC_WARN_UNUSED_FUNCTION = YES;
				GCC_WARN_UNUSED_VARIABLE = YES;
				IPHONEOS_DEPLOYMENT_TARGET = 11.0;
				MTL_ENABLE_DEBUG_INFO = YES;
				ONLY_ACTIVE_ARCH = YES;
				SDKROOT = iphoneos;
			};
			name = Debug;
		};
		29B1C63A1F2463DF00A3C514 /* Release */ = {
			isa = XCBuildConfiguration;
			buildSettings = {
				ALWAYS_SEARCH_USER_PATHS = NO;
				CLANG_ANALYZER_NONNULL = YES;
				CLANG_ANALYZER_NUMBER_OBJECT_CONVERSION = YES_AGGRESSIVE;
				CLANG_CXX_LANGUAGE_STANDARD = "gnu++14";
				CLANG_CXX_LIBRARY = "libc++";
				CLANG_ENABLE_MODULES = YES;
				CLANG_ENABLE_OBJC_ARC = YES;
				CLANG_WARN_BLOCK_CAPTURE_AUTORELEASING = YES;
				CLANG_WARN_BOOL_CONVERSION = YES;
				CLANG_WARN_COMMA = YES;
				CLANG_WARN_CONSTANT_CONVERSION = YES;
				CLANG_WARN_DIRECT_OBJC_ISA_USAGE = YES_ERROR;
				CLANG_WARN_DOCUMENTATION_COMMENTS = YES;
				CLANG_WARN_EMPTY_BODY = YES;
				CLANG_WARN_ENUM_CONVERSION = YES;
				CLANG_WARN_INFINITE_RECURSION = YES;
				CLANG_WARN_INT_CONVERSION = YES;
				CLANG_WARN_NON_LITERAL_NULL_CONVERSION = YES;
				CLANG_WARN_OBJC_LITERAL_CONVERSION = YES;
				CLANG_WARN_OBJC_ROOT_CLASS = YES_ERROR;
				CLANG_WARN_RANGE_LOOP_ANALYSIS = YES;
				CLANG_WARN_STRICT_PROTOTYPES = YES;
				CLANG_WARN_SUSPICIOUS_MOVE = YES;
				CLANG_WARN_UNGUARDED_AVAILABILITY = YES_AGGRESSIVE;
				CLANG_WARN_UNREACHABLE_CODE = YES;
				CLANG_WARN__DUPLICATE_METHOD_MATCH = YES;
				CODE_SIGN_IDENTITY = "iPhone Developer";
				COPY_PHASE_STRIP = NO;
				DEBUG_INFORMATION_FORMAT = "dwarf-with-dsym";
				ENABLE_NS_ASSERTIONS = NO;
				ENABLE_STRICT_OBJC_MSGSEND = YES;
				GCC_C_LANGUAGE_STANDARD = gnu11;
				GCC_NO_COMMON_BLOCKS = YES;
				GCC_WARN_64_TO_32_BIT_CONVERSION = YES;
				GCC_WARN_ABOUT_RETURN_TYPE = YES_ERROR;
				GCC_WARN_UNDECLARED_SELECTOR = YES;
				GCC_WARN_UNINITIALIZED_AUTOS = YES_AGGRESSIVE;
				GCC_WARN_UNUSED_FUNCTION = YES;
				GCC_WARN_UNUSED_VARIABLE = YES;
				IPHONEOS_DEPLOYMENT_TARGET = 11.0;
				MTL_ENABLE_DEBUG_INFO = NO;
				SDKROOT = iphoneos;
				VALIDATE_PRODUCT = YES;
			};
			name = Release;
		};
		29B1C63C1F2463DF00A3C514 /* Debug */ = {
			isa = XCBuildConfiguration;
			buildSettings = {
				ASSETCATALOG_COMPILER_APPICON_NAME = AppIcon;
				CLANG_ENABLE_MODULES = YES;
				DEVELOPMENT_TEAM = 6UUR9483U2;
				INFOPLIST_FILE = "$(SRCROOT)/Source/Misc/Info.plist";
				LD_NO_PIE = NO;
				LD_RUNPATH_SEARCH_PATHS = "$(inherited) @executable_path/Frameworks";
				PRODUCT_BUNDLE_IDENTIFIER = com.org.me.AUTest3;
				PRODUCT_NAME = "$(TARGET_NAME)";
				SWIFT_OBJC_BRIDGING_HEADER = "Source/Misc/AUTest3-Bridging-Header.h";
				SWIFT_OPTIMIZATION_LEVEL = "-Onone";
				SWIFT_VERSION = 3.0;
				TARGETED_DEVICE_FAMILY = "1,2";
			};
			name = Debug;
		};
		29B1C63D1F2463DF00A3C514 /* Release */ = {
			isa = XCBuildConfiguration;
			buildSettings = {
				ASSETCATALOG_COMPILER_APPICON_NAME = AppIcon;
				CLANG_ENABLE_MODULES = YES;
				DEVELOPMENT_TEAM = 6UUR9483U2;
				INFOPLIST_FILE = "$(SRCROOT)/Source/Misc/Info.plist";
				LD_NO_PIE = NO;
				LD_RUNPATH_SEARCH_PATHS = "$(inherited) @executable_path/Frameworks";
				PRODUCT_BUNDLE_IDENTIFIER = com.org.me.AUTest3;
				PRODUCT_NAME = "$(TARGET_NAME)";
				SWIFT_OBJC_BRIDGING_HEADER = "Source/Misc/AUTest3-Bridging-Header.h";
				SWIFT_VERSION = 3.0;
				TARGETED_DEVICE_FAMILY = "1,2";
			};
			name = Release;
		};
		29B1C6521F24640200A3C514 /* Debug */ = {
			isa = XCBuildConfiguration;
			buildSettings = {
				DEVELOPMENT_TEAM = 6UUR9483U2;
				INFOPLIST_FILE = MyAudioUnit3/Info.plist;
				LD_RUNPATH_SEARCH_PATHS = "$(inherited) @executable_path/Frameworks @executable_path/../../Frameworks";
				PRODUCT_BUNDLE_IDENTIFIER = com.org.me.AUTest3.MyAudioUnit3;
				PRODUCT_NAME = "$(TARGET_NAME)";
				SKIP_INSTALL = YES;
				TARGETED_DEVICE_FAMILY = "1,2";
			};
			name = Debug;
		};
		29B1C6531F24640200A3C514 /* Release */ = {
			isa = XCBuildConfiguration;
			buildSettings = {
				DEVELOPMENT_TEAM = 6UUR9483U2;
				INFOPLIST_FILE = MyAudioUnit3/Info.plist;
				LD_RUNPATH_SEARCH_PATHS = "$(inherited) @executable_path/Frameworks @executable_path/../../Frameworks";
				PRODUCT_BUNDLE_IDENTIFIER = com.org.me.AUTest3.MyAudioUnit3;
				PRODUCT_NAME = "$(TARGET_NAME)";
				SKIP_INSTALL = YES;
				TARGETED_DEVICE_FAMILY = "1,2";
			};
			name = Release;
		};
/* End XCBuildConfiguration section */

/* Begin XCConfigurationList section */
		29305C3B1F2C17E100F7EE2D /* Build configuration list for PBXNativeTarget "OrbsTests" */ = {
			isa = XCConfigurationList;
			buildConfigurations = (
				29305C391F2C17E100F7EE2D /* Debug */,
				29305C3A1F2C17E100F7EE2D /* Release */,
			);
			defaultConfigurationIsVisible = 0;
		};
		29B1C6201F2463DF00A3C514 /* Build configuration list for PBXProject "Orbs" */ = {
			isa = XCConfigurationList;
			buildConfigurations = (
				29B1C6391F2463DF00A3C514 /* Debug */,
				29B1C63A1F2463DF00A3C514 /* Release */,
			);
			defaultConfigurationIsVisible = 0;
			defaultConfigurationName = Release;
		};
		29B1C63B1F2463DF00A3C514 /* Build configuration list for PBXNativeTarget "Orbs" */ = {
			isa = XCConfigurationList;
			buildConfigurations = (
				29B1C63C1F2463DF00A3C514 /* Debug */,
				29B1C63D1F2463DF00A3C514 /* Release */,
			);
			defaultConfigurationIsVisible = 0;
			defaultConfigurationName = Release;
		};
		29B1C6511F24640200A3C514 /* Build configuration list for PBXNativeTarget "MyAudioUnit3" */ = {
			isa = XCConfigurationList;
			buildConfigurations = (
				29B1C6521F24640200A3C514 /* Debug */,
				29B1C6531F24640200A3C514 /* Release */,
			);
			defaultConfigurationIsVisible = 0;
			defaultConfigurationName = Release;
		};
/* End XCConfigurationList section */
	};
	rootObject = 29B1C61D1F2463DF00A3C514 /* Project object */;
}
